
Microsoft Visual Studio Solution File, Format Version 12.00
# Visual Studio Version 16
VisualStudioVersion = 16.0.30114.105
MinimumVisualStudioVersion = 10.0.40219.1
Project("{FAE04EC0-301F-11D3-BF4B-00C04F79EFBC}") = "Marketplace", "Marketplace\Marketplace.csproj", "{30F988F1-7558-4940-95EC-9309846F510C}"
EndProject
Project("{FAE04EC0-301F-11D3-BF4B-00C04F79EFBC}") = "Marketplace.Tests", "Marketplace.Tests\Marketplace.Tests.csproj", "{BC2E599D-EB76-42C4-9E21-E9709444ECE3}"
EndProject
Project("{FAE04EC0-301F-11D3-BF4B-00C04F79EFBC}") = "Marketplace.Domain", "Marketplace.Domain\Marketplace.Domain.csproj", "{FE59C276-24E2-4D5C-921B-BB182E5364AE}"
EndProject
Global
	GlobalSection(SolutionConfigurationPlatforms) = preSolution
		Debug|Any CPU = Debug|Any CPU
		Release|Any CPU = Release|Any CPU
	EndGlobalSection
	GlobalSection(ProjectConfigurationPlatforms) = postSolution
		{30F988F1-7558-4940-95EC-9309846F510C}.Debug|Any CPU.ActiveCfg = Debug|Any CPU
		{30F988F1-7558-4940-95EC-9309846F510C}.Debug|Any CPU.Build.0 = Debug|Any CPU
		{30F988F1-7558-4940-95EC-9309846F510C}.Release|Any CPU.ActiveCfg = Release|Any CPU
		{30F988F1-7558-4940-95EC-9309846F510C}.Release|Any CPU.Build.0 = Release|Any CPU
		{BC2E599D-EB76-42C4-9E21-E9709444ECE3}.Debug|Any CPU.ActiveCfg = Debug|Any CPU
		{BC2E599D-EB76-42C4-9E21-E9709444ECE3}.Debug|Any CPU.Build.0 = Debug|Any CPU
		{BC2E599D-EB76-42C4-9E21-E9709444ECE3}.Release|Any CPU.ActiveCfg = Release|Any CPU
		{BC2E599D-EB76-42C4-9E21-E9709444ECE3}.Release|Any CPU.Build.0 = Release|Any CPU
		{FE59C276-24E2-4D5C-921B-BB182E5364AE}.Debug|Any CPU.ActiveCfg = Debug|Any CPU
		{FE59C276-24E2-4D5C-921B-BB182E5364AE}.Debug|Any CPU.Build.0 = Debug|Any CPU
		{FE59C276-24E2-4D5C-921B-BB182E5364AE}.Release|Any CPU.ActiveCfg = Release|Any CPU
		{FE59C276-24E2-4D5C-921B-BB182E5364AE}.Release|Any CPU.Build.0 = Release|Any CPU
	EndGlobalSection
	GlobalSection(SolutionProperties) = preSolution
		HideSolutionNode = FALSE
	EndGlobalSection
	GlobalSection(ExtensibilityGlobals) = postSolution
		SolutionGuid = {766B6B75-DAF4-44A2-BDD6-5D771FA04079}
	EndGlobalSection
EndGlobal
